
Microsoft Visual Studio Solution File, Format Version 12.00
# Visual Studio Version 16
VisualStudioVersion = 16.0.31105.61
MinimumVisualStudioVersion = 10.0.40219.1
Project("{9A19103F-16F7-4668-BE54-9A1E7A4F7556}") = "ManagerFileEasyAzure.Injection", "ManagerFileEasyAzure.Injection\ManagerFileEasyAzure.Injection.csproj", "{2A920DE1-F880-4C70-91F6-048E2E658607}"
EndProject
Project("{9A19103F-16F7-4668-BE54-9A1E7A4F7556}") = "ManagerFileEasyAzure", "ManagerFileEasyAzure.Provider\ManagerFileEasyAzure.csproj", "{6FCFC3BD-6CF3-4B80-885B-A9A5724034A9}"
EndProject
Global
	GlobalSection(SolutionConfigurationPlatforms) = preSolution
		Debug|Any CPU = Debug|Any CPU
		Release|Any CPU = Release|Any CPU
	EndGlobalSection
	GlobalSection(ProjectConfigurationPlatforms) = postSolution
		{2A920DE1-F880-4C70-91F6-048E2E658607}.Debug|Any CPU.ActiveCfg = Debug|Any CPU
		{2A920DE1-F880-4C70-91F6-048E2E658607}.Debug|Any CPU.Build.0 = Debug|Any CPU
		{2A920DE1-F880-4C70-91F6-048E2E658607}.Release|Any CPU.ActiveCfg = Release|Any CPU
		{2A920DE1-F880-4C70-91F6-048E2E658607}.Release|Any CPU.Build.0 = Release|Any CPU
		{6FCFC3BD-6CF3-4B80-885B-A9A5724034A9}.Debug|Any CPU.ActiveCfg = Debug|Any CPU
		{6FCFC3BD-6CF3-4B80-885B-A9A5724034A9}.Debug|Any CPU.Build.0 = Debug|Any CPU
		{6FCFC3BD-6CF3-4B80-885B-A9A5724034A9}.Release|Any CPU.ActiveCfg = Release|Any CPU
		{6FCFC3BD-6CF3-4B80-885B-A9A5724034A9}.Release|Any CPU.Build.0 = Release|Any CPU
	EndGlobalSection
	GlobalSection(SolutionProperties) = preSolution
		HideSolutionNode = FALSE
	EndGlobalSection
	GlobalSection(ExtensibilityGlobals) = postSolution
		SolutionGuid = {614DB984-A908-4A8C-B254-9965C7BF3DF1}
	EndGlobalSection
EndGlobal
